
Microsoft Visual Studio Solution File, Format Version 12.00
Project("{FAE04EC0-301F-11D3-BF4B-00C04F79EFBC}") = "FinancialTradingPlattformApplication", "FinancialTradingPlattformApplication\FinancialTradingPlattformApplication.csproj", "{DC06D596-FA25-4505-8651-730D5C7DCACF}"
EndProject
Global
	GlobalSection(SolutionConfigurationPlatforms) = preSolution
		Debug|Any CPU = Debug|Any CPU
		Release|Any CPU = Release|Any CPU
	EndGlobalSection
	GlobalSection(ProjectConfigurationPlatforms) = postSolution
		{DC06D596-FA25-4505-8651-730D5C7DCACF}.Debug|Any CPU.ActiveCfg = Debug|Any CPU
		{DC06D596-FA25-4505-8651-730D5C7DCACF}.Debug|Any CPU.Build.0 = Debug|Any CPU
		{DC06D596-FA25-4505-8651-730D5C7DCACF}.Release|Any CPU.ActiveCfg = Release|Any CPU
		{DC06D596-FA25-4505-8651-730D5C7DCACF}.Release|Any CPU.Build.0 = Release|Any CPU
	EndGlobalSection
EndGlobal
